// !$*UTF8*$!
{
	archiveVersion = 1;
	classes = {
	};
	objectVersion = 77;
	objects = {

/* Begin PBXContainerItemProxy section */
		BB35A8AA2E51927F0045600E /* PBXContainerItemProxy */ = {
			isa = PBXContainerItemProxy;
			containerPortal = BB35A8932E51927F0045600E /* Project object */;
			proxyType = 1;
			remoteGlobalIDString = BB35A89A2E51927F0045600E;
			remoteInfo = IntPerInt;
		};
		BB35A8B42E5192800045600E /* PBXContainerItemProxy */ = {
			isa = PBXContainerItemProxy;
			containerPortal = BB35A8932E51927F0045600E /* Project object */;
			proxyType = 1;
			remoteGlobalIDString = BB35A89A2E51927F0045600E;
			remoteInfo = IntPerInt;
		};
/* End PBXContainerItemProxy section */

/* Begin PBXFileReference section */
		BB35A89B2E51927F0045600E /* IntPerInt.app */ = {isa = PBXFileReference; explicitFileType = wrapper.application; includeInIndex = 0; path = IntPerInt.app; sourceTree = BUILT_PRODUCTS_DIR; };
		BB35A8A92E51927F0045600E /* IntPerIntTests.xctest */ = {isa = PBXFileReference; explicitFileType = wrapper.cfbundle; includeInIndex = 0; path = IntPerIntTests.xctest; sourceTree = BUILT_PRODUCTS_DIR; };
		BB35A8B32E5192800045600E /* IntPerIntUITests.xctest */ = {isa = PBXFileReference; explicitFileType = wrapper.cfbundle; includeInIndex = 0; path = IntPerIntUITests.xctest; sourceTree = BUILT_PRODUCTS_DIR; };
/* End PBXFileReference section */

/* Begin PBXFileSystemSynchronizedRootGroup section */
		BB35A89D2E51927F0045600E /* IntPerInt */ = {
			isa = PBXFileSystemSynchronizedRootGroup;
			path = IntPerInt;
			sourceTree = "<group>";
		};
		BB35A8AC2E51927F0045600E /* IntPerIntTests */ = {
			isa = PBXFileSystemSynchronizedRootGroup;
			path = IntPerIntTests;
			sourceTree = "<group>";
		};
		BB35A8B62E5192800045600E /* IntPerIntUITests */ = {
			isa = PBXFileSystemSynchronizedRootGroup;
			path = IntPerIntUITests;
			sourceTree = "<group>";
		};
/* End PBXFileSystemSynchronizedRootGroup section */

/* Begin PBXFrameworksBuildPhase section */
		BB35A8982E51927F0045600E /* Frameworks */ = {
			isa = PBXFrameworksBuildPhase;
			buildActionMask = 2147483647;
			files = (
			);
			runOnlyForDeploymentPostprocessing = 0;
		};
		BB35A8A72E51927F0045600E /* Frameworks */ = {
			isa = PBXFrameworksBuildPhase;
			buildActionMask = 2147483647;
			files = (
			);
			runOnlyForDeploymentPostprocessing = 0;
		};
		BB35A8B12E5192800045600E /* Frameworks */ = {
			isa = PBXFrameworksBuildPhase;
			buildActionMask = 2147483647;
			files = (
			);
			runOnlyForDeploymentPostprocessing = 0;
		};
/* End PBXFrameworksBuildPhase section */

/* Begin PBXGroup section */
		BB35A8922E51927F0045600E = {
			isa = PBXGroup;
			children = (
				BB35A89D2E51927F0045600E /* IntPerInt */,
				BB35A8AC2E51927F0045600E /* IntPerIntTests */,
				BB35A8B62E5192800045600E /* IntPerIntUITests */,
				BB35A89C2E51927F0045600E /* Products */,
			);
			sourceTree = "<group>";
		};
		BB35A89C2E51927F0045600E /* Products */ = {
			isa = PBXGroup;
			children = (
				BB35A89B2E51927F0045600E /* IntPerInt.app */,
				BB35A8A92E51927F0045600E /* IntPerIntTests.xctest */,
				BB35A8B32E5192800045600E /* IntPerIntUITests.xctest */,
			);
			name = Products;
			sourceTree = "<group>";
		};
/* End PBXGroup section */

/* Begin PBXNativeTarget section */
		BB35A89A2E51927F0045600E /* IntPerInt */ = {
			isa = PBXNativeTarget;
			buildConfigurationList = BB35A8BD2E5192800045600E /* Build configuration list for PBXNativeTarget "IntPerInt" */;
			buildPhases = (
				BB35A8972E51927F0045600E /* Sources */,
				BB35A8982E51927F0045600E /* Frameworks */,
				BB35A8992E51927F0045600E /* Resources */,
			);
			buildRules = (
			);
			dependencies = (
			);
			fileSystemSynchronizedGroups = (
				BB35A89D2E51927F0045600E /* IntPerInt */,
			);
			name = IntPerInt;
			packageProductDependencies = (
			);
			productName = IntPerInt;
			productReference = BB35A89B2E51927F0045600E /* IntPerInt.app */;
			productType = "com.apple.product-type.application";
		};
		BB35A8A82E51927F0045600E /* IntPerIntTests */ = {
			isa = PBXNativeTarget;
			buildConfigurationList = BB35A8C02E5192800045600E /* Build configuration list for PBXNativeTarget "IntPerIntTests" */;
			buildPhases = (
				BB35A8A52E51927F0045600E /* Sources */,
				BB35A8A72E51927F0045600E /* Frameworks */,
			);
			buildRules = (
			);
			dependencies = (
				BB35A8AB2E51927F0045600E /* PBXTargetDependency */,
			);
			fileSystemSynchronizedGroups = (
				BB35A8AC2E51927F0045600E /* IntPerIntTests */,
			);
			name = IntPerIntTests;
			packageProductDependencies = (
			);
			productName = IntPerIntTests;
			productReference = BB35A8A92E51927F0045600E /* IntPerIntTests.xctest */;
			productType = "com.apple.product-type.bundle.unit-test";
		};
		BB35A8B22E5192800045600E /* IntPerIntUITests */ = {
			isa = PBXNativeTarget;
			buildConfigurationList = BB35A8C32E5192800045600E /* Build configuration list for PBXNativeTarget "IntPerIntUITests" */;
			buildPhases = (
				BB35A8AF2E5192800045600E /* Sources */,
				BB35A8B12E5192800045600E /* Frameworks */,
			);
			buildRules = (
			);
			dependencies = (
				BB35A8B52E5192800045600E /* PBXTargetDependency */,
			);
			fileSystemSynchronizedGroups = (
				BB35A8B62E5192800045600E /* IntPerIntUITests */,
			);
			name = IntPerIntUITests;
			packageProductDependencies = (
			);
			productName = IntPerIntUITests;
			productReference = BB35A8B32E5192800045600E /* IntPerIntUITests.xctest */;
			productType = "com.apple.product-type.bundle.ui-testing";
		};
/* End PBXNativeTarget section */

/* Begin PBXProject section */
		BB35A8932E51927F0045600E /* Project object */ = {
			isa = PBXProject;
			attributes = {
				BuildIndependentTargetsInParallel = 1;
				LastSwiftUpdateCheck = 1610;
				LastUpgradeCheck = 1610;
				TargetAttributes = {
					BB35A89A2E51927F0045600E = {
						CreatedOnToolsVersion = 16.1;
					};
					BB35A8A82E51927F0045600E = {
						CreatedOnToolsVersion = 16.1;
						TestTargetID = BB35A89A2E51927F0045600E;
					};
					BB35A8B22E5192800045600E = {
						CreatedOnToolsVersion = 16.1;
						TestTargetID = BB35A89A2E51927F0045600E;
					};
				};
			};
			buildConfigurationList = BB35A8962E51927F0045600E /* Build configuration list for PBXProject "IntPerInt" */;
			developmentRegion = en;
			hasScannedForEncodings = 0;
			knownRegions = (
				en,
				Base,
			);
			mainGroup = BB35A8922E51927F0045600E;
			minimizedProjectReferenceProxies = 1;
			preferredProjectObjectVersion = 77;
			productRefGroup = BB35A89C2E51927F0045600E /* Products */;
			projectDirPath = "";
			projectRoot = "";
			targets = (
				BB35A89A2E51927F0045600E /* IntPerInt */,
				BB35A8A82E51927F0045600E /* IntPerIntTests */,
				BB35A8B22E5192800045600E /* IntPerIntUITests */,
			);
		};
/* End PBXProject section */

/* Begin PBXResourcesBuildPhase section */
		BB35A8992E51927F0045600E /* Resources */ = {
			isa = PBXResourcesBuildPhase;
			buildActionMask = 2147483647;
			files = (
			);
			runOnlyForDeploymentPostprocessing = 0;
		};
/* End PBXResourcesBuildPhase section */

/* Begin PBXSourcesBuildPhase section */
		BB35A8972E51927F0045600E /* Sources */ = {
			isa = PBXSourcesBuildPhase;
			buildActionMask = 2147483647;
			files = (
			);
			runOnlyForDeploymentPostprocessing = 0;
		};
		BB35A8A52E51927F0045600E /* Sources */ = {
			isa = PBXSourcesBuildPhase;
			buildActionMask = 2147483647;
			files = (
			);
			runOnlyForDeploymentPostprocessing = 0;
		};
		BB35A8AF2E5192800045600E /* Sources */ = {
			isa = PBXSourcesBuildPhase;
			buildActionMask = 2147483647;
			files = (
			);
			runOnlyForDeploymentPostprocessing = 0;
		};
/* End PBXSourcesBuildPhase section */

/* Begin PBXTargetDependency section */
		BB35A8AB2E51927F0045600E /* PBXTargetDependency */ = {
			isa = PBXTargetDependency;
			target = BB35A89A2E51927F0045600E /* IntPerInt */;
			targetProxy = BB35A8AA2E51927F0045600E /* PBXContainerItemProxy */;
		};
		BB35A8B52E5192800045600E /* PBXTargetDependency */ = {
			isa = PBXTargetDependency;
			target = BB35A89A2E51927F0045600E /* IntPerInt */;
			targetProxy = BB35A8B42E5192800045600E /* PBXContainerItemProxy */;
		};
/* End PBXTargetDependency section */

/* Begin XCBuildConfiguration section */
		BB35A8BB2E5192800045600E /* Debug */ = {
			isa = XCBuildConfiguration;
			buildSettings = {
				ALWAYS_SEARCH_USER_PATHS = NO;
				ASSETCATALOG_COMPILER_GENERATE_SWIFT_ASSET_SYMBOL_EXTENSIONS = YES;
				CLANG_ANALYZER_NONNULL = YES;
				CLANG_ANALYZER_NUMBER_OBJECT_CONVERSION = YES_AGGRESSIVE;
				CLANG_CXX_LANGUAGE_STANDARD = "gnu++20";
				CLANG_ENABLE_MODULES = YES;
				CLANG_ENABLE_OBJC_ARC = YES;
				CLANG_ENABLE_OBJC_WEAK = YES;
				CLANG_WARN_BLOCK_CAPTURE_AUTORELEASING = YES;
				CLANG_WARN_BOOL_CONVERSION = YES;
				CLANG_WARN_COMMA = YES;
				CLANG_WARN_CONSTANT_CONVERSION = YES;
				CLANG_WARN_DEPRECATED_OBJC_IMPLEMENTATIONS = YES;
				CLANG_WARN_DIRECT_OBJC_ISA_USAGE = YES_ERROR;
				CLANG_WARN_DOCUMENTATION_COMMENTS = YES;
				CLANG_WARN_EMPTY_BODY = YES;
				CLANG_WARN_ENUM_CONVERSION = YES;
				CLANG_WARN_INFINITE_RECURSION = YES;
				CLANG_WARN_INT_CONVERSION = YES;
				CLANG_WARN_NON_LITERAL_NULL_CONVERSION = YES;
				CLANG_WARN_OBJC_IMPLICIT_RETAIN_SELF = YES;
				CLANG_WARN_OBJC_LITERAL_CONVERSION = YES;
				CLANG_WARN_OBJC_ROOT_CLASS = YES_ERROR;
				CLANG_WARN_QUOTED_INCLUDE_IN_FRAMEWORK_HEADER = YES;
				CLANG_WARN_RANGE_LOOP_ANALYSIS = YES;
				CLANG_WARN_STRICT_PROTOTYPES = YES;
				CLANG_WARN_SUSPICIOUS_MOVE = YES;
				CLANG_WARN_UNGUARDED_AVAILABILITY = YES_AGGRESSIVE;
				CLANG_WARN_UNREACHABLE_CODE = YES;
				CLANG_WARN__DUPLICATE_METHOD_MATCH = YES;
				COPY_PHASE_STRIP = NO;
				DEBUG_INFORMATION_FORMAT = dwarf;
				ENABLE_STRICT_OBJC_MSGSEND = YES;
				ENABLE_TESTABILITY = YES;
				ENABLE_USER_SCRIPT_SANDBOXING = YES;
				GCC_C_LANGUAGE_STANDARD = gnu17;
				GCC_DYNAMIC_NO_PIC = NO;
				GCC_NO_COMMON_BLOCKS = YES;
				GCC_OPTIMIZATION_LEVEL = 0;
				GCC_PREPROCESSOR_DEFINITIONS = (
					"DEBUG=1",
					"$(inherited)",
				);
				GCC_WARN_64_TO_32_BIT_CONVERSION = YES;
				GCC_WARN_ABOUT_RETURN_TYPE = YES_ERROR;
				GCC_WARN_UNDECLARED_SELECTOR = YES;
				GCC_WARN_UNINITIALIZED_AUTOS = YES_AGGRESSIVE;
				GCC_WARN_UNUSED_FUNCTION = YES;
				GCC_WARN_UNUSED_VARIABLE = YES;
				LOCALIZATION_PREFERS_STRING_CATALOGS = YES;
				MACOSX_DEPLOYMENT_TARGET = 13.0;
				MTL_ENABLE_DEBUG_INFO = INCLUDE_SOURCE;
				MTL_FAST_MATH = YES;
				ONLY_ACTIVE_ARCH = YES;
				SDKROOT = macosx;
				SWIFT_ACTIVE_COMPILATION_CONDITIONS = "DEBUG $(inherited)";
				SWIFT_OPTIMIZATION_LEVEL = "-Onone";
			};
			name = Debug;
		};
		BB35A8BC2E5192800045600E /* Release */ = {
			isa = XCBuildConfiguration;
			buildSettings = {
				ALWAYS_SEARCH_USER_PATHS = NO;
				ASSETCATALOG_COMPILER_GENERATE_SWIFT_ASSET_SYMBOL_EXTENSIONS = YES;
				CLANG_ANALYZER_NONNULL = YES;
				CLANG_ANALYZER_NUMBER_OBJECT_CONVERSION = YES_AGGRESSIVE;
				CLANG_CXX_LANGUAGE_STANDARD = "gnu++20";
				CLANG_ENABLE_MODULES = YES;
				CLANG_ENABLE_OBJC_ARC = YES;
				CLANG_ENABLE_OBJC_WEAK = YES;
				CLANG_WARN_BLOCK_CAPTURE_AUTORELEASING = YES;
				CLANG_WARN_BOOL_CONVERSION = YES;
				CLANG_WARN_COMMA = YES;
				CLANG_WARN_CONSTANT_CONVERSION = YES;
				CLANG_WARN_DEPRECATED_OBJC_IMPLEMENTATIONS = YES;
				CLANG_WARN_DIRECT_OBJC_ISA_USAGE = YES_ERROR;
				CLANG_WARN_DOCUMENTATION_COMMENTS = YES;
				CLANG_WARN_EMPTY_BODY = YES;
				CLANG_WARN_ENUM_CONVERSION = YES;
				CLANG_WARN_INFINITE_RECURSION = YES;
				CLANG_WARN_INT_CONVERSION = YES;
				CLANG_WARN_NON_LITERAL_NULL_CONVERSION = YES;
				CLANG_WARN_OBJC_IMPLICIT_RETAIN_SELF = YES;
				CLANG_WARN_OBJC_LITERAL_CONVERSION = YES;
				CLANG_WARN_OBJC_ROOT_CLASS = YES_ERROR;
				CLANG_WARN_QUOTED_INCLUDE_IN_FRAMEWORK_HEADER = YES;
				CLANG_WARN_RANGE_LOOP_ANALYSIS = YES;
				CLANG_WARN_STRICT_PROTOTYPES = YES;
				CLANG_WARN_SUSPICIOUS_MOVE = YES;
				CLANG_WARN_UNGUARDED_AVAILABILITY = YES_AGGRESSIVE;
				CLANG_WARN_UNREACHABLE_CODE = YES;
				CLANG_WARN__DUPLICATE_METHOD_MATCH = YES;
				COPY_PHASE_STRIP = NO;
				DEBUG_INFORMATION_FORMAT = "dwarf-with-dsym";
				ENABLE_NS_ASSERTIONS = NO;
				ENABLE_STRICT_OBJC_MSGSEND = YES;
				ENABLE_USER_SCRIPT_SANDBOXING = YES;
				GCC_C_LANGUAGE_STANDARD = gnu17;
				GCC_NO_COMMON_BLOCKS = YES;
				GCC_WARN_64_TO_32_BIT_CONVERSION = YES;
				GCC_WARN_ABOUT_RETURN_TYPE = YES_ERROR;
				GCC_WARN_UNDECLARED_SELECTOR = YES;
				GCC_WARN_UNINITIALIZED_AUTOS = YES_AGGRESSIVE;
				GCC_WARN_UNUSED_FUNCTION = YES;
				GCC_WARN_UNUSED_VARIABLE = YES;
				LOCALIZATION_PREFERS_STRING_CATALOGS = YES;
				MACOSX_DEPLOYMENT_TARGET = 13.0;
				MTL_ENABLE_DEBUG_INFO = NO;
				MTL_FAST_MATH = YES;
				SDKROOT = macosx;
				SWIFT_COMPILATION_MODE = wholemodule;
			};
			name = Release;
		};
		BB35A8BE2E5192800045600E /* Debug */ = {
			isa = XCBuildConfiguration;
			buildSettings = {
				ASSETCATALOG_COMPILER_APPICON_NAME = AppIcon;
				ASSETCATALOG_COMPILER_GLOBAL_ACCENT_COLOR_NAME = AccentColor;
				CODE_SIGN_ENTITLEMENTS = IntPerInt/IntPerInt.entitlements;
				CODE_SIGN_STYLE = Automatic;
				COMBINE_HIDPI_IMAGES = YES;
				CURRENT_PROJECT_VERSION = 1;
				DEVELOPMENT_ASSET_PATHS = "\"IntPerInt/Preview Content\"";
				ENABLE_PREVIEWS = YES;
				GENERATE_INFOPLIST_FILE = YES;
				INFOPLIST_KEY_CFBundleDisplayName = IntPerInt;
				INFOPLIST_KEY_LSApplicationCategoryType = "public.app-category.productivity";
				INFOPLIST_KEY_NSHumanReadableCopyright = "";
				LD_RUNPATH_SEARCH_PATHS = (
					"$(inherited)",
					"@executable_path/../Frameworks",
				);
				MACOSX_DEPLOYMENT_TARGET = 13.0;
				MARKETING_VERSION = 1.0;
				PRODUCT_BUNDLE_IDENTIFIER = com.example.IntPerInt;
				PRODUCT_NAME = "$(TARGET_NAME)";
				SWIFT_EMIT_LOC_STRINGS = YES;
				SWIFT_OBJC_BRIDGING_HEADER = "IntPerInt/IntPerInt-Bridging-Header.h";
				SWIFT_VERSION = 5.0;
			};
			name = Debug;
		};
		BB35A8BF2E5192800045600E /* Release */ = {
			isa = XCBuildConfiguration;
			buildSettings = {
				ASSETCATALOG_COMPILER_APPICON_NAME = AppIcon;
				ASSETCATALOG_COMPILER_GLOBAL_ACCENT_COLOR_NAME = AccentColor;
				CODE_SIGN_ENTITLEMENTS = IntPerInt/IntPerInt.entitlements;
				CODE_SIGN_STYLE = Automatic;
				COMBINE_HIDPI_IMAGES = YES;
				CURRENT_PROJECT_VERSION = 1;
				DEVELOPMENT_ASSET_PATHS = "\"IntPerInt/Preview Content\"";
				ENABLE_PREVIEWS = YES;
				GENERATE_INFOPLIST_FILE = YES;
				INFOPLIST_KEY_CFBundleDisplayName = IntPerInt;
				INFOPLIST_KEY_LSApplicationCategoryType = "public.app-category.productivity";
				INFOPLIST_KEY_NSHumanReadableCopyright = "";
				LD_RUNPATH_SEARCH_PATHS = (
					"$(inherited)",
					"@executable_path/../Frameworks",
				);
				MACOSX_DEPLOYMENT_TARGET = 13.0;
				MARKETING_VERSION = 1.0;
				PRODUCT_BUNDLE_IDENTIFIER = com.example.IntPerInt;
				PRODUCT_NAME = "$(TARGET_NAME)";
				SWIFT_EMIT_LOC_STRINGS = YES;
				SWIFT_OBJC_BRIDGING_HEADER = "IntPerInt/IntPerInt-Bridging-Header.h";
				SWIFT_VERSION = 5.0;
			};
			name = Release;
		};
		BB35A8C12E5192800045600E /* Debug */ = {
			isa = XCBuildConfiguration;
			buildSettings = {
				BUNDLE_LOADER = "$(TEST_HOST)";
				CODE_SIGN_STYLE = Automatic;
				CURRENT_PROJECT_VERSION = 1;
				GENERATE_INFOPLIST_FILE = YES;
				MACOSX_DEPLOYMENT_TARGET = 13.0;
				MARKETING_VERSION = 1.0;
				PRODUCT_BUNDLE_IDENTIFIER = com.example.IntPerIntTests;
				PRODUCT_NAME = "$(TARGET_NAME)";
				SWIFT_EMIT_LOC_STRINGS = NO;
				SWIFT_VERSION = 5.0;
				TEST_HOST = "$(BUILT_PRODUCTS_DIR)/IntPerInt.app/$(BUNDLE_EXECUTABLE_FOLDER_PATH)/IntPerInt";
			};
			name = Debug;
		};
		BB35A8C22E5192800045600E /* Release */ = {
			isa = XCBuildConfiguration;
			buildSettings = {
				BUNDLE_LOADER = "$(TEST_HOST)";
				CODE_SIGN_STYLE = Automatic;
				CURRENT_PROJECT_VERSION = 1;
				GENERATE_INFOPLIST_FILE = YES;
				MACOSX_DEPLOYMENT_TARGET = 13.0;
				MARKETING_VERSION = 1.0;
				PRODUCT_BUNDLE_IDENTIFIER = com.example.IntPerIntTests;
				PRODUCT_NAME = "$(TARGET_NAME)";
				SWIFT_EMIT_LOC_STRINGS = NO;
				SWIFT_VERSION = 5.0;
				TEST_HOST = "$(BUILT_PRODUCTS_DIR)/IntPerInt.app/$(BUNDLE_EXECUTABLE_FOLDER_PATH)/IntPerInt";
			};
			name = Release;
		};
		BB35A8C42E5192800045600E /* Release */ = {
			isa = XCBuildConfiguration;
			buildSettings = {
				CODE_SIGN_STYLE = Automatic;
				CURRENT_PROJECT_VERSION = 1;
				GENERATE_INFOPLIST_FILE = YES;
				MARKETING_VERSION = 1.0;
				PRODUCT_BUNDLE_IDENTIFIER = com.example.IntPerIntUITests;
				PRODUCT_NAME = "$(TARGET_NAME)";
				SWIFT_EMIT_LOC_STRINGS = NO;
				SWIFT_VERSION = 5.0;
				TEST_TARGET_NAME = IntPerInt;
			};
			name = Release;
		};
		BB35A8C52E5192800045600E /* Release */ = {
			isa = XCBuildConfiguration;
			buildSettings = {
				CODE_SIGN_STYLE = Automatic;
				CURRENT_PROJECT_VERSION = 1;
				GENERATE_INFOPLIST_FILE = YES;
				MARKETING_VERSION = 1.0;
				PRODUCT_BUNDLE_IDENTIFIER = com.example.IntPerIntUITests;
				PRODUCT_NAME = "$(TARGET_NAME)";
				SWIFT_EMIT_LOC_STRINGS = NO;
				SWIFT_VERSION = 5.0;
				TEST_TARGET_NAME = IntPerInt;
			};
			name = Release;
		};
		BBEFE0F12E51F4FB00081BA4 /* Debug */ = {
			isa = XCBuildConfiguration;
			buildSettings = {
				CODE_SIGNING_ALLOWED = NO;
				COPY_PHASE_STRIP = NO;
				GCC_DYNAMIC_NO_PIC = NO;
				GCC_OPTIMIZATION_LEVEL = 0;
				GENERATE_INFOPLIST_FILE = YES;
				MACOSX_DEPLOYMENT_TARGET = 13.0;
				PRODUCT_BUNDLE_IDENTIFIER = com.example.IntPerIntUITests;
				PRODUCT_NAME = IntPerIntUITests;
				SWIFT_EMIT_LOC_STRINGS = NO;
				SWIFT_VERSION = 5.0;
			};
			name = Debug;
		};
/* End XCBuildConfiguration section */

/* Begin XCConfigurationList section */
		BB35A8962E51927F0045600E /* Build configuration list for PBXProject "IntPerInt" */ = {
			isa = XCConfigurationList;
			buildConfigurations = (
				BB35A8BB2E5192800045600E /* Debug */,
				BB35A8BC2E5192800045600E /* Release */,
			);
			defaultConfigurationIsVisible = 0;
			defaultConfigurationName = Release;
		};
		BB35A8BD2E5192800045600E /* Build configuration list for PBXNativeTarget "IntPerInt" */ = {
			isa = XCConfigurationList;
			buildConfigurations = (
				BB35A8BE2E5192800045600E /* Debug */,
				BB35A8BF2E5192800045600E /* Release */,
			);
			defaultConfigurationIsVisible = 0;
			defaultConfigurationName = Release;
		};
		BB35A8C02E5192800045600E /* Build configuration list for PBXNativeTarget "IntPerIntTests" */ = {
			isa = XCConfigurationList;
			buildConfigurations = (
				BB35A8C12E5192800045600E /* Debug */,
				BB35A8C22E5192800045600E /* Release */,
			);
			defaultConfigurationIsVisible = 0;
			defaultConfigurationName = Release;
		};
		BB35A8C32E5192800045600E /* Build configuration list for PBXNativeTarget "IntPerIntUITests" */ = {
			isa = XCConfigurationList;
			buildConfigurations = (
				BB35A8C42E5192800045600E /* Release */,
				BB35A8C52E5192800045600E /* Release */,
				BBEFE0F12E51F4FB00081BA4 /* Debug */,
			);
			defaultConfigurationIsVisible = 0;
			defaultConfigurationName = Release;
		};
/* End XCConfigurationList section */
	};
	rootObject = BB35A8932E51927F0045600E /* Project object */;
}
